
Microsoft Visual Studio Solution File, Format Version 12.00
# Visual Studio Version 17
VisualStudioVersion = 17.13.35825.156
MinimumVisualStudioVersion = 10.0.40219.1
Project("{FAE04EC0-301F-11D3-BF4B-00C04F79EFBC}") = "E-CommerceLivraria", "E-CommerceLivraria\E-CommerceLivraria.csproj", "{D3FF3D4E-5B78-4EFD-B98A-AC16C8222AB7}"
EndProject
Global
	GlobalSection(SolutionConfigurationPlatforms) = preSolution
		Debug|Any CPU = Debug|Any CPU
		Release|Any CPU = Release|Any CPU
	EndGlobalSection
	GlobalSection(ProjectConfigurationPlatforms) = postSolution
		{D3FF3D4E-5B78-4EFD-B98A-AC16C8222AB7}.Debug|Any CPU.ActiveCfg = Debug|Any CPU
		{D3FF3D4E-5B78-4EFD-B98A-AC16C8222AB7}.Debug|Any CPU.Build.0 = Debug|Any CPU
		{D3FF3D4E-5B78-4EFD-B98A-AC16C8222AB7}.Release|Any CPU.ActiveCfg = Release|Any CPU
		{D3FF3D4E-5B78-4EFD-B98A-AC16C8222AB7}.Release|Any CPU.Build.0 = Release|Any CPU
	EndGlobalSection
	GlobalSection(SolutionProperties) = preSolution
		HideSolutionNode = FALSE
	EndGlobalSection
	GlobalSection(ExtensibilityGlobals) = postSolution
		SolutionGuid = {840EF07B-311E-469F-AB61-F3B799599ECD}
	EndGlobalSection
EndGlobal
